
Microsoft Visual Studio Solution File, Format Version 12.00
# Visual Studio Version 16
VisualStudioVersion = 16.0.30011.22
MinimumVisualStudioVersion = 10.0.40219.1
Project("{FAE04EC0-301F-11D3-BF4B-00C04F79EFBC}") = "tut9", "tut9.csproj", "{DA787F6B-7625-45A3-8305-A1430459F323}"
EndProject
Global
	GlobalSection(SolutionConfigurationPlatforms) = preSolution
		Debug|Any CPU = Debug|Any CPU
		Release|Any CPU = Release|Any CPU
	EndGlobalSection
	GlobalSection(ProjectConfigurationPlatforms) = postSolution
		{DA787F6B-7625-45A3-8305-A1430459F323}.Debug|Any CPU.ActiveCfg = Debug|Any CPU
		{DA787F6B-7625-45A3-8305-A1430459F323}.Debug|Any CPU.Build.0 = Debug|Any CPU
		{DA787F6B-7625-45A3-8305-A1430459F323}.Release|Any CPU.ActiveCfg = Release|Any CPU
		{DA787F6B-7625-45A3-8305-A1430459F323}.Release|Any CPU.Build.0 = Release|Any CPU
	EndGlobalSection
	GlobalSection(SolutionProperties) = preSolution
		HideSolutionNode = FALSE
	EndGlobalSection
	GlobalSection(ExtensibilityGlobals) = postSolution
		SolutionGuid = {99C4C835-CD10-48E6-81B9-26985479AC11}
	EndGlobalSection
EndGlobal
